// !$*UTF8*$!
{
	archiveVersion = 1;
	classes = {
	};
	objectVersion = 50;
	objects = {

/* Begin PBXBuildFile section */
		AECE647325ABD555009A39EC /* Sample6_LinkViewApp.swift in Sources */ = {isa = PBXBuildFile; fileRef = AECE647225ABD555009A39EC /* Sample6_LinkViewApp.swift */; };
		AECE647525ABD555009A39EC /* ContentView.swift in Sources */ = {isa = PBXBuildFile; fileRef = AECE647425ABD555009A39EC /* ContentView.swift */; };
		AECE647725ABD557009A39EC /* Assets.xcassets in Resources */ = {isa = PBXBuildFile; fileRef = AECE647625ABD557009A39EC /* Assets.xcassets */; };
		AECE647A25ABD557009A39EC /* Preview Assets.xcassets in Resources */ = {isa = PBXBuildFile; fileRef = AECE647925ABD557009A39EC /* Preview Assets.xcassets */; };
		AECE648325ABD59C009A39EC /* MySpot.swift in Sources */ = {isa = PBXBuildFile; fileRef = AECE648225ABD59C009A39EC /* MySpot.swift */; };
		AECE648625ABD767009A39EC /* LinkView.swift in Sources */ = {isa = PBXBuildFile; fileRef = AECE648525ABD767009A39EC /* LinkView.swift */; };
		AECE648A25AC4314009A39EC /* MyView.swift in Sources */ = {isa = PBXBuildFile; fileRef = AECE648925AC4314009A39EC /* MyView.swift */; };
/* End PBXBuildFile section */

/* Begin PBXFileReference section */
		AECE646F25ABD555009A39EC /* Sample6-LinkView.app */ = {isa = PBXFileReference; explicitFileType = wrapper.application; includeInIndex = 0; path = "Sample6-LinkView.app"; sourceTree = BUILT_PRODUCTS_DIR; };
		AECE647225ABD555009A39EC /* Sample6_LinkViewApp.swift */ = {isa = PBXFileReference; lastKnownFileType = sourcecode.swift; path = Sample6_LinkViewApp.swift; sourceTree = "<group>"; };
		AECE647425ABD555009A39EC /* ContentView.swift */ = {isa = PBXFileReference; lastKnownFileType = sourcecode.swift; path = ContentView.swift; sourceTree = "<group>"; };
		AECE647625ABD557009A39EC /* Assets.xcassets */ = {isa = PBXFileReference; lastKnownFileType = folder.assetcatalog; path = Assets.xcassets; sourceTree = "<group>"; };
		AECE647925ABD557009A39EC /* Preview Assets.xcassets */ = {isa = PBXFileReference; lastKnownFileType = folder.assetcatalog; path = "Preview Assets.xcassets"; sourceTree = "<group>"; };
		AECE647B25ABD557009A39EC /* Info.plist */ = {isa = PBXFileReference; lastKnownFileType = text.plist.xml; path = Info.plist; sourceTree = "<group>"; };
		AECE648225ABD59C009A39EC /* MySpot.swift */ = {isa = PBXFileReference; lastKnownFileType = sourcecode.swift; path = MySpot.swift; sourceTree = "<group>"; };
		AECE648525ABD767009A39EC /* LinkView.swift */ = {isa = PBXFileReference; lastKnownFileType = sourcecode.swift; path = LinkView.swift; sourceTree = "<group>"; };
		AECE648925AC4314009A39EC /* MyView.swift */ = {isa = PBXFileReference; lastKnownFileType = sourcecode.swift; path = MyView.swift; sourceTree = "<group>"; };
/* End PBXFileReference section */

/* Begin PBXFrameworksBuildPhase section */
		AECE646C25ABD555009A39EC /* Frameworks */ = {
			isa = PBXFrameworksBuildPhase;
			buildActionMask = 2147483647;
			files = (
			);
			runOnlyForDeploymentPostprocessing = 0;
		};
/* End PBXFrameworksBuildPhase section */

/* Begin PBXGroup section */
		AECE646625ABD555009A39EC = {
			isa = PBXGroup;
			children = (
				AECE647125ABD555009A39EC /* Sample6-LinkView */,
				AECE647025ABD555009A39EC /* Products */,
			);
			sourceTree = "<group>";
		};
		AECE647025ABD555009A39EC /* Products */ = {
			isa = PBXGroup;
			children = (
				AECE646F25ABD555009A39EC /* Sample6-LinkView.app */,
			);
			name = Products;
			sourceTree = "<group>";
		};
		AECE647125ABD555009A39EC /* Sample6-LinkView */ = {
			isa = PBXGroup;
			children = (
				AECE647225ABD555009A39EC /* Sample6_LinkViewApp.swift */,
				AECE647425ABD555009A39EC /* ContentView.swift */,
				AECE648225ABD59C009A39EC /* MySpot.swift */,
				AECE648925AC4314009A39EC /* MyView.swift */,
				AECE648525ABD767009A39EC /* LinkView.swift */,
				AECE647625ABD557009A39EC /* Assets.xcassets */,
				AECE647B25ABD557009A39EC /* Info.plist */,
				AECE647825ABD557009A39EC /* Preview Content */,
			);
			path = "Sample6-LinkView";
			sourceTree = "<group>";
		};
		AECE647825ABD557009A39EC /* Preview Content */ = {
			isa = PBXGroup;
			children = (
				AECE647925ABD557009A39EC /* Preview Assets.xcassets */,
			);
			path = "Preview Content";
			sourceTree = "<group>";
		};
/* End PBXGroup section */

/* Begin PBXNativeTarget section */
		AECE646E25ABD555009A39EC /* Sample6-LinkView */ = {
			isa = PBXNativeTarget;
			buildConfigurationList = AECE647E25ABD557009A39EC /* Build configuration list for PBXNativeTarget "Sample6-LinkView" */;
			buildPhases = (
				AECE646B25ABD555009A39EC /* Sources */,
				AECE646C25ABD555009A39EC /* Frameworks */,
				AECE646D25ABD555009A39EC /* Resources */,
			);
			buildRules = (
			);
			dependencies = (
			);
			name = "Sample6-LinkView";
			productName = "Sample6-LinkView";
			productReference = AECE646F25ABD555009A39EC /* Sample6-LinkView.app */;
			productType = "com.apple.product-type.application";
		};
/* End PBXNativeTarget section */

/* Begin PBXProject section */
		AECE646725ABD555009A39EC /* Project object */ = {
			isa = PBXProject;
			attributes = {
				LastSwiftUpdateCheck = 1230;
				LastUpgradeCheck = 1230;
				TargetAttributes = {
					AECE646E25ABD555009A39EC = {
						CreatedOnToolsVersion = 12.3;
					};
				};
			};
			buildConfigurationList = AECE646A25ABD555009A39EC /* Build configuration list for PBXProject "Sample6-LinkView" */;
			compatibilityVersion = "Xcode 9.3";
			developmentRegion = en;
			hasScannedForEncodings = 0;
			knownRegions = (
				en,
				Base,
			);
			mainGroup = AECE646625ABD555009A39EC;
			productRefGroup = AECE647025ABD555009A39EC /* Products */;
			projectDirPath = "";
			projectRoot = "";
			targets = (
				AECE646E25ABD555009A39EC /* Sample6-LinkView */,
			);
		};
/* End PBXProject section */

/* Begin PBXResourcesBuildPhase section */
		AECE646D25ABD555009A39EC /* Resources */ = {
			isa = PBXResourcesBuildPhase;
			buildActionMask = 2147483647;
			files = (
				AECE647A25ABD557009A39EC /* Preview Assets.xcassets in Resources */,
				AECE647725ABD557009A39EC /* Assets.xcassets in Resources */,
			);
			runOnlyForDeploymentPostprocessing = 0;
		};
/* End PBXResourcesBuildPhase section */

/* Begin PBXSourcesBuildPhase section */
		AECE646B25ABD555009A39EC /* Sources */ = {
			isa = PBXSourcesBuildPhase;
			buildActionMask = 2147483647;
			files = (
				AECE648325ABD59C009A39EC /* MySpot.swift in Sources */,
				AECE647525ABD555009A39EC /* ContentView.swift in Sources */,
				AECE648A25AC4314009A39EC /* MyView.swift in Sources */,
				AECE648625ABD767009A39EC /* LinkView.swift in Sources */,
				AECE647325ABD555009A39EC /* Sample6_LinkViewApp.swift in Sources */,
			);
			runOnlyForDeploymentPostprocessing = 0;
		};
/* End PBXSourcesBuildPhase section */

/* Begin XCBuildConfiguration section */
		AECE647C25ABD557009A39EC /* Debug */ = {
			isa = XCBuildConfiguration;
			buildSettings = {
				ALWAYS_SEARCH_USER_PATHS = NO;
				CLANG_ANALYZER_NONNULL = YES;
				CLANG_ANALYZER_NUMBER_OBJECT_CONVERSION = YES_AGGRESSIVE;
				CLANG_CXX_LANGUAGE_STANDARD = "gnu++14";
				CLANG_CXX_LIBRARY = "libc++";
				CLANG_ENABLE_MODULES = YES;
				CLANG_ENABLE_OBJC_ARC = YES;
				CLANG_ENABLE_OBJC_WEAK = YES;
				CLANG_WARN_BLOCK_CAPTURE_AUTORELEASING = YES;
				CLANG_WARN_BOOL_CONVERSION = YES;
				CLANG_WARN_COMMA = YES;
				CLANG_WARN_CONSTANT_CONVERSION = YES;
				CLANG_WARN_DEPRECATED_OBJC_IMPLEMENTATIONS = YES;
				CLANG_WARN_DIRECT_OBJC_ISA_USAGE = YES_ERROR;
				CLANG_WARN_DOCUMENTATION_COMMENTS = YES;
				CLANG_WARN_EMPTY_BODY = YES;
				CLANG_WARN_ENUM_CONVERSION = YES;
				CLANG_WARN_INFINITE_RECURSION = YES;
				CLANG_WARN_INT_CONVERSION = YES;
				CLANG_WARN_NON_LITERAL_NULL_CONVERSION = YES;
				CLANG_WARN_OBJC_IMPLICIT_RETAIN_SELF = YES;
				CLANG_WARN_OBJC_LITERAL_CONVERSION = YES;
				CLANG_WARN_OBJC_ROOT_CLASS = YES_ERROR;
				CLANG_WARN_QUOTED_INCLUDE_IN_FRAMEWORK_HEADER = YES;
				CLANG_WARN_RANGE_LOOP_ANALYSIS = YES;
				CLANG_WARN_STRICT_PROTOTYPES = YES;
				CLANG_WARN_SUSPICIOUS_MOVE = YES;
				CLANG_WARN_UNGUARDED_AVAILABILITY = YES_AGGRESSIVE;
				CLANG_WARN_UNREACHABLE_CODE = YES;
				CLANG_WARN__DUPLICATE_METHOD_MATCH = YES;
				COPY_PHASE_STRIP = NO;
				DEBUG_INFORMATION_FORMAT = dwarf;
				ENABLE_STRICT_OBJC_MSGSEND = YES;
				ENABLE_TESTABILITY = YES;
				GCC_C_LANGUAGE_STANDARD = gnu11;
				GCC_DYNAMIC_NO_PIC = NO;
				GCC_NO_COMMON_BLOCKS = YES;
				GCC_OPTIMIZATION_LEVEL = 0;
				GCC_PREPROCESSOR_DEFINITIONS = (
					"DEBUG=1",
					"$(inherited)",
				);
				GCC_WARN_64_TO_32_BIT_CONVERSION = YES;
				GCC_WARN_ABOUT_RETURN_TYPE = YES_ERROR;
				GCC_WARN_UNDECLARED_SELECTOR = YES;
				GCC_WARN_UNINITIALIZED_AUTOS = YES_AGGRESSIVE;
				GCC_WARN_UNUSED_FUNCTION = YES;
				GCC_WARN_UNUSED_VARIABLE = YES;
				IPHONEOS_DEPLOYMENT_TARGET = 14.3;
				MTL_ENABLE_DEBUG_INFO = INCLUDE_SOURCE;
				MTL_FAST_MATH = YES;
				ONLY_ACTIVE_ARCH = YES;
				SDKROOT = iphoneos;
				SWIFT_ACTIVE_COMPILATION_CONDITIONS = DEBUG;
				SWIFT_OPTIMIZATION_LEVEL = "-Onone";
			};
			name = Debug;
		};
		AECE647D25ABD557009A39EC /* Release */ = {
			isa = XCBuildConfiguration;
			buildSettings = {
				ALWAYS_SEARCH_USER_PATHS = NO;
				CLANG_ANALYZER_NONNULL = YES;
				CLANG_ANALYZER_NUMBER_OBJECT_CONVERSION = YES_AGGRESSIVE;
				CLANG_CXX_LANGUAGE_STANDARD = "gnu++14";
				CLANG_CXX_LIBRARY = "libc++";
				CLANG_ENABLE_MODULES = YES;
				CLANG_ENABLE_OBJC_ARC = YES;
				CLANG_ENABLE_OBJC_WEAK = YES;
				CLANG_WARN_BLOCK_CAPTURE_AUTORELEASING = YES;
				CLANG_WARN_BOOL_CONVERSION = YES;
				CLANG_WARN_COMMA = YES;
				CLANG_WARN_CONSTANT_CONVERSION = YES;
				CLANG_WARN_DEPRECATED_OBJC_IMPLEMENTATIONS = YES;
				CLANG_WARN_DIRECT_OBJC_ISA_USAGE = YES_ERROR;
				CLANG_WARN_DOCUMENTATION_COMMENTS = YES;
				CLANG_WARN_EMPTY_BODY = YES;
				CLANG_WARN_ENUM_CONVERSION = YES;
				CLANG_WARN_INFINITE_RECURSION = YES;
				CLANG_WARN_INT_CONVERSION = YES;
				CLANG_WARN_NON_LITERAL_NULL_CONVERSION = YES;
				CLANG_WARN_OBJC_IMPLICIT_RETAIN_SELF = YES;
				CLANG_WARN_OBJC_LITERAL_CONVERSION = YES;
				CLANG_WARN_OBJC_ROOT_CLASS = YES_ERROR;
				CLANG_WARN_QUOTED_INCLUDE_IN_FRAMEWORK_HEADER = YES;
				CLANG_WARN_RANGE_LOOP_ANALYSIS = YES;
				CLANG_WARN_STRICT_PROTOTYPES = YES;
				CLANG_WARN_SUSPICIOUS_MOVE = YES;
				CLANG_WARN_UNGUARDED_AVAILABILITY = YES_AGGRESSIVE;
				CLANG_WARN_UNREACHABLE_CODE = YES;
				CLANG_WARN__DUPLICATE_METHOD_MATCH = YES;
				COPY_PHASE_STRIP = NO;
				DEBUG_INFORMATION_FORMAT = "dwarf-with-dsym";
				ENABLE_NS_ASSERTIONS = NO;
				ENABLE_STRICT_OBJC_MSGSEND = YES;
				GCC_C_LANGUAGE_STANDARD = gnu11;
				GCC_NO_COMMON_BLOCKS = YES;
				GCC_WARN_64_TO_32_BIT_CONVERSION = YES;
				GCC_WARN_ABOUT_RETURN_TYPE = YES_ERROR;
				GCC_WARN_UNDECLARED_SELECTOR = YES;
				GCC_WARN_UNINITIALIZED_AUTOS = YES_AGGRESSIVE;
				GCC_WARN_UNUSED_FUNCTION = YES;
				GCC_WARN_UNUSED_VARIABLE = YES;
				IPHONEOS_DEPLOYMENT_TARGET = 14.3;
				MTL_ENABLE_DEBUG_INFO = NO;
				MTL_FAST_MATH = YES;
				SDKROOT = iphoneos;
				SWIFT_COMPILATION_MODE = wholemodule;
				SWIFT_OPTIMIZATION_LEVEL = "-O";
				VALIDATE_PRODUCT = YES;
			};
			name = Release;
		};
		AECE647F25ABD557009A39EC /* Debug */ = {
			isa = XCBuildConfiguration;
			buildSettings = {
				ASSETCATALOG_COMPILER_APPICON_NAME = AppIcon;
				ASSETCATALOG_COMPILER_GLOBAL_ACCENT_COLOR_NAME = AccentColor;
				CODE_SIGN_STYLE = Automatic;
				DEVELOPMENT_ASSET_PATHS = "\"Sample6-LinkView/Preview Content\"";
				DEVELOPMENT_TEAM = ZR3YSQ33BM;
				ENABLE_PREVIEWS = YES;
				INFOPLIST_FILE = "Sample6-LinkView/Info.plist";
				IPHONEOS_DEPLOYMENT_TARGET = 14.0;
				LD_RUNPATH_SEARCH_PATHS = (
					"$(inherited)",
					"@executable_path/Frameworks",
				);
				PRODUCT_BUNDLE_IDENTIFIER = "com.hiroshimamm.keiji.yamaki.Sample6-LinkView";
				PRODUCT_NAME = "$(TARGET_NAME)";
				SWIFT_VERSION = 5.0;
				TARGETED_DEVICE_FAMILY = "1,2";
			};
			name = Debug;
		};
		AECE648025ABD557009A39EC /* Release */ = {
			isa = XCBuildConfiguration;
			buildSettings = {
				ASSETCATALOG_COMPILER_APPICON_NAME = AppIcon;
				ASSETCATALOG_COMPILER_GLOBAL_ACCENT_COLOR_NAME = AccentColor;
				CODE_SIGN_STYLE = Automatic;
				DEVELOPMENT_ASSET_PATHS = "\"Sample6-LinkView/Preview Content\"";
				DEVELOPMENT_TEAM = ZR3YSQ33BM;
				ENABLE_PREVIEWS = YES;
				INFOPLIST_FILE = "Sample6-LinkView/Info.plist";
				IPHONEOS_DEPLOYMENT_TARGET = 14.0;
				LD_RUNPATH_SEARCH_PATHS = (
					"$(inherited)",
					"@executable_path/Frameworks",
				);
				PRODUCT_BUNDLE_IDENTIFIER = "com.hiroshimamm.keiji.yamaki.Sample6-LinkView";
				PRODUCT_NAME = "$(TARGET_NAME)";
				SWIFT_VERSION = 5.0;
				TARGETED_DEVICE_FAMILY = "1,2";
			};
			name = Release;
		};
/* End XCBuildConfiguration section */

/* Begin XCConfigurationList section */
		AECE646A25ABD555009A39EC /* Build configuration list for PBXProject "Sample6-LinkView" */ = {
			isa = XCConfigurationList;
			buildConfigurations = (
				AECE647C25ABD557009A39EC /* Debug */,
				AECE647D25ABD557009A39EC /* Release */,
			);
			defaultConfigurationIsVisible = 0;
			defaultConfigurationName = Release;
		};
		AECE647E25ABD557009A39EC /* Build configuration list for PBXNativeTarget "Sample6-LinkView" */ = {
			isa = XCConfigurationList;
			buildConfigurations = (
				AECE647F25ABD557009A39EC /* Debug */,
				AECE648025ABD557009A39EC /* Release */,
			);
			defaultConfigurationIsVisible = 0;
			defaultConfigurationName = Release;
		};
/* End XCConfigurationList section */
	};
	rootObject = AECE646725ABD555009A39EC /* Project object */;
}
